
Microsoft Visual Studio Solution File, Format Version 12.00
# Visual Studio Version 16
VisualStudioVersion = 16.0.29806.167
MinimumVisualStudioVersion = 10.0.40219.1
Project("{9A19103F-16F7-4668-BE54-9A1E7A4F7556}") = "Test_Exam", "Test_Exam\Test_Exam.csproj", "{C7D2C700-37D0-4271-ACD5-FC68EA1337CC}"
EndProject
Project("{9A19103F-16F7-4668-BE54-9A1E7A4F7556}") = "TestExam.Service", "TestExam.Service\TestExam.Service.csproj", "{EB7F7C09-56E8-4DB0-BA6A-B0597DFC34D5}"
EndProject
Project("{9A19103F-16F7-4668-BE54-9A1E7A4F7556}") = "TextExam.Repository", "TextExam.Repository\TextExam.Repository.csproj", "{FB7AE5EE-EFA0-4B86-8C57-7A11A2271489}"
EndProject
Project("{FAE04EC0-301F-11D3-BF4B-00C04F79EFBC}") = "TestExam.Domain", "TestExam.Domain\TestExam.Domain.csproj", "{17D09297-3049-401D-AEE0-620E81EAAEAA}"
EndProject
Project("{FAE04EC0-301F-11D3-BF4B-00C04F79EFBC}") = "TestExam.DataContext", "TestExam.DataContext\TestExam.DataContext.csproj", "{9FA58475-47E8-4791-BAEE-BB20A3D78BC1}"
EndProject
Global
	GlobalSection(SolutionConfigurationPlatforms) = preSolution
		Debug|Any CPU = Debug|Any CPU
		Release|Any CPU = Release|Any CPU
	EndGlobalSection
	GlobalSection(ProjectConfigurationPlatforms) = postSolution
		{C7D2C700-37D0-4271-ACD5-FC68EA1337CC}.Debug|Any CPU.ActiveCfg = Debug|Any CPU
		{C7D2C700-37D0-4271-ACD5-FC68EA1337CC}.Debug|Any CPU.Build.0 = Debug|Any CPU
		{C7D2C700-37D0-4271-ACD5-FC68EA1337CC}.Release|Any CPU.ActiveCfg = Release|Any CPU
		{C7D2C700-37D0-4271-ACD5-FC68EA1337CC}.Release|Any CPU.Build.0 = Release|Any CPU
		{EB7F7C09-56E8-4DB0-BA6A-B0597DFC34D5}.Debug|Any CPU.ActiveCfg = Debug|Any CPU
		{EB7F7C09-56E8-4DB0-BA6A-B0597DFC34D5}.Debug|Any CPU.Build.0 = Debug|Any CPU
		{EB7F7C09-56E8-4DB0-BA6A-B0597DFC34D5}.Release|Any CPU.ActiveCfg = Release|Any CPU
		{EB7F7C09-56E8-4DB0-BA6A-B0597DFC34D5}.Release|Any CPU.Build.0 = Release|Any CPU
		{FB7AE5EE-EFA0-4B86-8C57-7A11A2271489}.Debug|Any CPU.ActiveCfg = Debug|Any CPU
		{FB7AE5EE-EFA0-4B86-8C57-7A11A2271489}.Debug|Any CPU.Build.0 = Debug|Any CPU
		{FB7AE5EE-EFA0-4B86-8C57-7A11A2271489}.Release|Any CPU.ActiveCfg = Release|Any CPU
		{FB7AE5EE-EFA0-4B86-8C57-7A11A2271489}.Release|Any CPU.Build.0 = Release|Any CPU
		{17D09297-3049-401D-AEE0-620E81EAAEAA}.Debug|Any CPU.ActiveCfg = Debug|Any CPU
		{17D09297-3049-401D-AEE0-620E81EAAEAA}.Debug|Any CPU.Build.0 = Debug|Any CPU
		{17D09297-3049-401D-AEE0-620E81EAAEAA}.Release|Any CPU.ActiveCfg = Release|Any CPU
		{17D09297-3049-401D-AEE0-620E81EAAEAA}.Release|Any CPU.Build.0 = Release|Any CPU
		{9FA58475-47E8-4791-BAEE-BB20A3D78BC1}.Debug|Any CPU.ActiveCfg = Debug|Any CPU
		{9FA58475-47E8-4791-BAEE-BB20A3D78BC1}.Debug|Any CPU.Build.0 = Debug|Any CPU
		{9FA58475-47E8-4791-BAEE-BB20A3D78BC1}.Release|Any CPU.ActiveCfg = Release|Any CPU
		{9FA58475-47E8-4791-BAEE-BB20A3D78BC1}.Release|Any CPU.Build.0 = Release|Any CPU
	EndGlobalSection
	GlobalSection(SolutionProperties) = preSolution
		HideSolutionNode = FALSE
	EndGlobalSection
	GlobalSection(ExtensibilityGlobals) = postSolution
		SolutionGuid = {6AE52D43-9B99-4325-A66A-DEA512DAF186}
	EndGlobalSection
EndGlobal
